PODS:
  - AFNetworking (3.1.0):
    - AFNetworking/NSURLSession (= 3.1.0)
    - AFNetworking/Reachability (= 3.1.0)
    - AFNetworking/Security (= 3.1.0)
    - AFNetworking/Serialization (= 3.1.0)
    - AFNetworking/UIKit (= 3.1.0)
  - AFNetworking/NSURLSession (3.1.0):
    - AFNetworking/Reachability
    - AFNetworking/Security
    - AFNetworking/Serialization
  - AFNetworking/Reachability (3.1.0)
  - AFNetworking/Security (3.1.0)
  - AFNetworking/Serialization (3.1.0)
  - AFNetworking/UIKit (3.1.0):
    - AFNetworking/NSURLSession
  - Alamofire (4.5.0)
  - AMapFoundation (1.4.2)
  - AMapLocation (2.4.0):
    - AMapFoundation (~> 1.4)
  - Cosmos (10.0.0)
  - Crashlytics (3.8.5):
    - Fabric (~> 1.6.3)
  - DZNEmptyDataSet (1.8.1)
  - Fabric (1.6.12)
  - FDFullscreenPopGesture (1.1)
  - FMDB (2.7.2):
    - FMDB/standard (= 2.7.2)
  - FMDB/standard (2.7.2)
  - HappyDNS (0.3.10)
  - IQKeyboardManagerSwift (4.0.9)
  - JCore (1.1.5)
  - JPush (3.0.6):
    - JCore (~> 1.1.1)
  - MBProgressHUD (1.0.0)
  - MJExtension (3.0.13)
  - MJRefresh (3.1.12)
  - NJKWebViewProgress (0.2.3):
    - NJKWebViewProgress/Core (= 0.2.3)
    - NJKWebViewProgress/ProgressView (= 0.2.3)
  - NJKWebViewProgress/Core (0.2.3)
  - NJKWebViewProgress/ProgressView (0.2.3)
  - Qiniu (7.1.6):
    - AFNetworking (~> 3)
    - HappyDNS (~> 0.3)
  - ReactiveCocoa (5.0.4):
    - ReactiveSwift (~> 1.1)
  - ReactiveSwift (1.1.5):
    - Result (~> 3.2)
  - Result (3.2.3)
  - SDWebImage (4.0.0):
    - SDWebImage/Core (= 4.0.0)
  - SDWebImage/Core (4.0.0)
  - SKPhotoBrowser (4.0.1)
  - SnapKit (3.2.0)
  - SwifterSwift (3.1.1):
    - SwifterSwift/Cocoa (= 3.1.1)
    - SwifterSwift/Foundation (= 3.1.1)
    - SwifterSwift/UIKit (= 3.1.1)
  - SwifterSwift/Cocoa (3.1.1)
  - SwifterSwift/Foundation (3.1.1)
  - SwifterSwift/UIKit (3.1.1)
  - SwiftyBeaver (1.4.0)

DEPENDENCIES:
  - Alamofire (~> 4.4)
  - AMapLocation
  - Cosmos (~> 10.0)
  - Crashlytics
  - DZNEmptyDataSet
  - Fabric
  - FDFullscreenPopGesture (= 1.1)
  - FMDB
  - IQKeyboardManagerSwift (= 4.0.9)
  - JPush
  - MBProgressHUD
  - MJExtension
  - MJRefresh
  - NJKWebViewProgress
  - Qiniu (~> 7.1)
  - ReactiveCocoa (~> 5.0.2)
  - ReactiveSwift (~> 1.1)
  - SDWebImage (~> 4.0.0-beta2)
  - SKPhotoBrowser
  - SnapKit (~> 3.2.0)
  - SwifterSwift
  - SwiftyBeaver

SPEC CHECKSUMS:
  AFNetworking: 5e0e199f73d8626b11e79750991f5d173d1f8b67
  Alamofire: f28cdffd29de33a7bfa022cbd63ae95a27fae140
  AMapFoundation: 6c0471c9a6a0ad17dad46e3d800ad56ca170f82a
  AMapLocation: 47b62b5381a66e4d0c2931b70ffde72682427896
  Cosmos: bb9310e73ad1ad472b183b848b959302c569cf09
  Crashlytics: dfbae35ef22ca189240d230ad501feea4ee85d2d
  DZNEmptyDataSet: 9525833b9e68ac21c30253e1d3d7076cc828eaa7
  Fabric: f050464eac45a2ce5a8e6e6a07e977c0df32fe28
  FDFullscreenPopGesture: a8a620179e3d9c40e8e00256dcee1c1a27c6d0f0
  FMDB: 6198a90e7b6900cfc046e6bc0ef6ebb7be9236aa
  HappyDNS: 06a9fed2796663fd87626dbf02552933265bf059
  IQKeyboardManagerSwift: 2eefe6c429b86aa08bfbc1b5c891164d754adf91
  JCore: 9bd9c770c877c583d98b90a68792b8361974c231
  JPush: c41be50eb1a574a66aeb68d237f00a4ec6ec3a82
  MBProgressHUD: 4890f671c94e8a0f3cf959aa731e9de2f036d71a
  MJExtension: 5932755f451458eefa24239358817f8d291240c7
  MJRefresh: b96cdb21c4aa75a7b07654311ab2f315c497e806
  NJKWebViewProgress: f481fd424cb5ecc27eacae11b5397db92fba9a4d
  Qiniu: 8af94ce9b1611ed5f4350883e41d4a62cabad491
  ReactiveCocoa: b31e754d15937811ede648fc83cd68f5de70a3d4
  ReactiveSwift: 3fea31f8fc49f112d2dc613282c5d395c4d167bb
  Result: 128640a6347e8d2ae48b142556739a2d13f90ce6
  SDWebImage: 76a6348bdc74eb5a55dd08a091ef298e56b55e41
  SKPhotoBrowser: 3a7c6fc02aa1620ab17253a47a49fafda46536e8
  SnapKit: 1ca44df72cfa543218d177cb8aab029d10d86ea7
  SwifterSwift: 8a93e265c97f552ff03a0da2369c74a3c030d482
  SwiftyBeaver: 78d9186ce7595b4400ce01e5fd750d263e72dd7b

PODFILE CHECKSUM: c0011bd606950df4cf95f921bcc5201bab36937d

COCOAPODS: 1.1.1
